
Microsoft Visual Studio Solution File, Format Version 12.00
# Visual Studio Version 16
VisualStudioVersion = 16.0.31205.134
MinimumVisualStudioVersion = 10.0.40219.1
Project("{FAE04EC0-301F-11D3-BF4B-00C04F79EFBC}") = "EntityFrameworkCoreTutorial", "EntityFrameworkCoreTutorial\EntityFrameworkCoreTutorial.csproj", "{542374E3-6388-438F-88F1-4D0B49D1651E}"
EndProject
Global
	GlobalSection(SolutionConfigurationPlatforms) = preSolution
		Debug|Any CPU = Debug|Any CPU
		Release|Any CPU = Release|Any CPU
	EndGlobalSection
	GlobalSection(ProjectConfigurationPlatforms) = postSolution
		{542374E3-6388-438F-88F1-4D0B49D1651E}.Debug|Any CPU.ActiveCfg = Debug|Any CPU
		{542374E3-6388-438F-88F1-4D0B49D1651E}.Debug|Any CPU.Build.0 = Debug|Any CPU
		{542374E3-6388-438F-88F1-4D0B49D1651E}.Release|Any CPU.ActiveCfg = Release|Any CPU
		{542374E3-6388-438F-88F1-4D0B49D1651E}.Release|Any CPU.Build.0 = Release|Any CPU
	EndGlobalSection
	GlobalSection(SolutionProperties) = preSolution
		HideSolutionNode = FALSE
	EndGlobalSection
	GlobalSection(ExtensibilityGlobals) = postSolution
		SolutionGuid = {4DC718A9-F3CB-49BC-B274-C003D92A4700}
	EndGlobalSection
EndGlobal
